
Microsoft Visual Studio Solution File, Format Version 12.00
# Visual Studio Version 17
VisualStudioVersion = 17.0.31903.59
MinimumVisualStudioVersion = 10.0.40219.1
Project("{FAE04EC0-301F-11D3-BF4B-00C04F79EFBC}") = "API", "API\API.csproj", "{BDB781D5-CB23-415B-B57A-E14FFC9351AB}"
EndProject
Global
	GlobalSection(SolutionConfigurationPlatforms) = preSolution
		Debug|Any CPU = Debug|Any CPU
		Release|Any CPU = Release|Any CPU
	EndGlobalSection
	GlobalSection(SolutionProperties) = preSolution
		HideSolutionNode = FALSE
	EndGlobalSection
	GlobalSection(ProjectConfigurationPlatforms) = postSolution
		{BDB781D5-CB23-415B-B57A-E14FFC9351AB}.Debug|Any CPU.ActiveCfg = Debug|Any CPU
		{BDB781D5-CB23-415B-B57A-E14FFC9351AB}.Debug|Any CPU.Build.0 = Debug|Any CPU
		{BDB781D5-CB23-415B-B57A-E14FFC9351AB}.Release|Any CPU.ActiveCfg = Release|Any CPU
		{BDB781D5-CB23-415B-B57A-E14FFC9351AB}.Release|Any CPU.Build.0 = Release|Any CPU
	EndGlobalSection
EndGlobal
